
Microsoft Visual Studio Solution File, Format Version 12.00
# Visual Studio Version 16
VisualStudioVersion = 16.0.29409.12
MinimumVisualStudioVersion = 10.0.40219.1
Project("{FAE04EC0-301F-11D3-BF4B-00C04F79EFBC}") = "tictactoe", "tictactoe\tictactoe.csproj", "{1CD2941E-7565-49A3-9B08-2D68211C82F1}"
EndProject
Global
	GlobalSection(SolutionConfigurationPlatforms) = preSolution
		Debug|Any CPU = Debug|Any CPU
		Release|Any CPU = Release|Any CPU
	EndGlobalSection
	GlobalSection(ProjectConfigurationPlatforms) = postSolution
		{1CD2941E-7565-49A3-9B08-2D68211C82F1}.Debug|Any CPU.ActiveCfg = Debug|Any CPU
		{1CD2941E-7565-49A3-9B08-2D68211C82F1}.Debug|Any CPU.Build.0 = Debug|Any CPU
		{1CD2941E-7565-49A3-9B08-2D68211C82F1}.Release|Any CPU.ActiveCfg = Release|Any CPU
		{1CD2941E-7565-49A3-9B08-2D68211C82F1}.Release|Any CPU.Build.0 = Release|Any CPU
	EndGlobalSection
	GlobalSection(SolutionProperties) = preSolution
		HideSolutionNode = FALSE
	EndGlobalSection
	GlobalSection(ExtensibilityGlobals) = postSolution
		SolutionGuid = {651DE83A-A16C-458E-A80A-8CDA34798E80}
	EndGlobalSection
EndGlobal
